// !$*UTF8*$!
{
	archiveVersion = 1;
	classes = {
	};
	objectVersion = 50;
	objects = {

/* Begin PBXBuildFile section */
		110E5E5B217FCB3A0008FBE4 /* AppDelegate.swift in Sources */ = {isa = PBXBuildFile; fileRef = 110E5E5A217FCB3A0008FBE4 /* AppDelegate.swift */; };
		110E5E60217FCB3A0008FBE4 /* Main.storyboard in Resources */ = {isa = PBXBuildFile; fileRef = 110E5E5E217FCB3A0008FBE4 /* Main.storyboard */; };
		110E5E63217FCB3A0008FBE4 /* _90_Assignment2.xcdatamodeld in Sources */ = {isa = PBXBuildFile; fileRef = 110E5E61217FCB3A0008FBE4 /* _90_Assignment2.xcdatamodeld */; };
		110E5E65217FCB3C0008FBE4 /* Assets.xcassets in Resources */ = {isa = PBXBuildFile; fileRef = 110E5E64217FCB3C0008FBE4 /* Assets.xcassets */; };
		110E5E68217FCB3C0008FBE4 /* LaunchScreen.storyboard in Resources */ = {isa = PBXBuildFile; fileRef = 110E5E66217FCB3C0008FBE4 /* LaunchScreen.storyboard */; };
		110E5E73217FCB3C0008FBE4 /* _90_Assignment2Tests.swift in Sources */ = {isa = PBXBuildFile; fileRef = 110E5E72217FCB3C0008FBE4 /* _90_Assignment2Tests.swift */; };
		110E5E7E217FCB3C0008FBE4 /* _90_Assignment2UITests.swift in Sources */ = {isa = PBXBuildFile; fileRef = 110E5E7D217FCB3C0008FBE4 /* _90_Assignment2UITests.swift */; };
		110E5E8C217FCBD30008FBE4 /* TableViewController.swift in Sources */ = {isa = PBXBuildFile; fileRef = 110E5E8B217FCBD30008FBE4 /* TableViewController.swift */; };
		110E5E8E217FD4300008FBE4 /* AddToDoViewController.swift in Sources */ = {isa = PBXBuildFile; fileRef = 110E5E8D217FD4300008FBE4 /* AddToDoViewController.swift */; };
		11E7CA3C217FF0EF00570341 /* Todos.xcdatamodeld in Sources */ = {isa = PBXBuildFile; fileRef = 11E7CA3A217FF0EF00570341 /* Todos.xcdatamodeld */; };
		11E7CA3E217FF1CB00570341 /* CoreDataStack.swift in Sources */ = {isa = PBXBuildFile; fileRef = 11E7CA3D217FF1CB00570341 /* CoreDataStack.swift */; };
/* End PBXBuildFile section */

/* Begin PBXContainerItemProxy section */
		110E5E6F217FCB3C0008FBE4 /* PBXContainerItemProxy */ = {
			isa = PBXContainerItemProxy;
			containerPortal = 110E5E4F217FCB3A0008FBE4 /* Project object */;
			proxyType = 1;
			remoteGlobalIDString = 110E5E56217FCB3A0008FBE4;
			remoteInfo = 690_Assignment2;
		};
		110E5E7A217FCB3C0008FBE4 /* PBXContainerItemProxy */ = {
			isa = PBXContainerItemProxy;
			containerPortal = 110E5E4F217FCB3A0008FBE4 /* Project object */;
			proxyType = 1;
			remoteGlobalIDString = 110E5E56217FCB3A0008FBE4;
			remoteInfo = 690_Assignment2;
		};
/* End PBXContainerItemProxy section */

/* Begin PBXFileReference section */
		110E5E57217FCB3A0008FBE4 /* 690_Assignment2.app */ = {isa = PBXFileReference; explicitFileType = wrapper.application; includeInIndex = 0; path = 690_Assignment2.app; sourceTree = BUILT_PRODUCTS_DIR; };
		110E5E5A217FCB3A0008FBE4 /* AppDelegate.swift */ = {isa = PBXFileReference; lastKnownFileType = sourcecode.swift; path = AppDelegate.swift; sourceTree = "<group>"; };
		110E5E5F217FCB3A0008FBE4 /* Base */ = {isa = PBXFileReference; lastKnownFileType = file.storyboard; name = Base; path = Base.lproj/Main.storyboard; sourceTree = "<group>"; };
		110E5E62217FCB3A0008FBE4 /* _90_Assignment2.xcdatamodel */ = {isa = PBXFileReference; lastKnownFileType = wrapper.xcdatamodel; path = _90_Assignment2.xcdatamodel; sourceTree = "<group>"; };
		110E5E64217FCB3C0008FBE4 /* Assets.xcassets */ = {isa = PBXFileReference; lastKnownFileType = folder.assetcatalog; path = Assets.xcassets; sourceTree = "<group>"; };
		110E5E67217FCB3C0008FBE4 /* Base */ = {isa = PBXFileReference; lastKnownFileType = file.storyboard; name = Base; path = Base.lproj/LaunchScreen.storyboard; sourceTree = "<group>"; };
		110E5E69217FCB3C0008FBE4 /* Info.plist */ = {isa = PBXFileReference; lastKnownFileType = text.plist.xml; path = Info.plist; sourceTree = "<group>"; };
		110E5E6E217FCB3C0008FBE4 /* 690_Assignment2Tests.xctest */ = {isa = PBXFileReference; explicitFileType = wrapper.cfbundle; includeInIndex = 0; path = 690_Assignment2Tests.xctest; sourceTree = BUILT_PRODUCTS_DIR; };
		110E5E72217FCB3C0008FBE4 /* _90_Assignment2Tests.swift */ = {isa = PBXFileReference; lastKnownFileType = sourcecode.swift; path = _90_Assignment2Tests.swift; sourceTree = "<group>"; };
		110E5E74217FCB3C0008FBE4 /* Info.plist */ = {isa = PBXFileReference; lastKnownFileType = text.plist.xml; path = Info.plist; sourceTree = "<group>"; };
		110E5E79217FCB3C0008FBE4 /* 690_Assignment2UITests.xctest */ = {isa = PBXFileReference; explicitFileType = wrapper.cfbundle; includeInIndex = 0; path = 690_Assignment2UITests.xctest; sourceTree = BUILT_PRODUCTS_DIR; };
		110E5E7D217FCB3C0008FBE4 /* _90_Assignment2UITests.swift */ = {isa = PBXFileReference; lastKnownFileType = sourcecode.swift; path = _90_Assignment2UITests.swift; sourceTree = "<group>"; };
		110E5E7F217FCB3C0008FBE4 /* Info.plist */ = {isa = PBXFileReference; lastKnownFileType = text.plist.xml; path = Info.plist; sourceTree = "<group>"; };
		110E5E8B217FCBD30008FBE4 /* TableViewController.swift */ = {isa = PBXFileReference; lastKnownFileType = sourcecode.swift; path = TableViewController.swift; sourceTree = "<group>"; };
		110E5E8D217FD4300008FBE4 /* AddToDoViewController.swift */ = {isa = PBXFileReference; lastKnownFileType = sourcecode.swift; path = AddToDoViewController.swift; sourceTree = "<group>"; };
		11E7CA3B217FF0EF00570341 /* Todos.xcdatamodel */ = {isa = PBXFileReference; lastKnownFileType = wrapper.xcdatamodel; path = Todos.xcdatamodel; sourceTree = "<group>"; };
		11E7CA3D217FF1CB00570341 /* CoreDataStack.swift */ = {isa = PBXFileReference; lastKnownFileType = sourcecode.swift; path = CoreDataStack.swift; sourceTree = "<group>"; };
/* End PBXFileReference section */

/* Begin PBXFrameworksBuildPhase section */
		110E5E54217FCB3A0008FBE4 /* Frameworks */ = {
			isa = PBXFrameworksBuildPhase;
			buildActionMask = 2147483647;
			files = (
			);
			runOnlyForDeploymentPostprocessing = 0;
		};
		110E5E6B217FCB3C0008FBE4 /* Frameworks */ = {
			isa = PBXFrameworksBuildPhase;
			buildActionMask = 2147483647;
			files = (
			);
			runOnlyForDeploymentPostprocessing = 0;
		};
		110E5E76217FCB3C0008FBE4 /* Frameworks */ = {
			isa = PBXFrameworksBuildPhase;
			buildActionMask = 2147483647;
			files = (
			);
			runOnlyForDeploymentPostprocessing = 0;
		};
/* End PBXFrameworksBuildPhase section */

/* Begin PBXGroup section */
		110E5E4E217FCB3A0008FBE4 = {
			isa = PBXGroup;
			children = (
				110E5E59217FCB3A0008FBE4 /* 690_Assignment2 */,
				110E5E71217FCB3C0008FBE4 /* 690_Assignment2Tests */,
				110E5E7C217FCB3C0008FBE4 /* 690_Assignment2UITests */,
				110E5E58217FCB3A0008FBE4 /* Products */,
			);
			sourceTree = "<group>";
		};
		110E5E58217FCB3A0008FBE4 /* Products */ = {
			isa = PBXGroup;
			children = (
				110E5E57217FCB3A0008FBE4 /* 690_Assignment2.app */,
				110E5E6E217FCB3C0008FBE4 /* 690_Assignment2Tests.xctest */,
				110E5E79217FCB3C0008FBE4 /* 690_Assignment2UITests.xctest */,
			);
			name = Products;
			sourceTree = "<group>";
		};
		110E5E59217FCB3A0008FBE4 /* 690_Assignment2 */ = {
			isa = PBXGroup;
			children = (
				11E7CA39217FF0D000570341 /* CoreData */,
				110E5E5A217FCB3A0008FBE4 /* AppDelegate.swift */,
				110E5E5E217FCB3A0008FBE4 /* Main.storyboard */,
				110E5E8D217FD4300008FBE4 /* AddToDoViewController.swift */,
				110E5E8B217FCBD30008FBE4 /* TableViewController.swift */,
				110E5E64217FCB3C0008FBE4 /* Assets.xcassets */,
				110E5E66217FCB3C0008FBE4 /* LaunchScreen.storyboard */,
				110E5E69217FCB3C0008FBE4 /* Info.plist */,
				110E5E61217FCB3A0008FBE4 /* _90_Assignment2.xcdatamodeld */,
			);
			path = 690_Assignment2;
			sourceTree = "<group>";
		};
		110E5E71217FCB3C0008FBE4 /* 690_Assignment2Tests */ = {
			isa = PBXGroup;
			children = (
				110E5E72217FCB3C0008FBE4 /* _90_Assignment2Tests.swift */,
				110E5E74217FCB3C0008FBE4 /* Info.plist */,
			);
			path = 690_Assignment2Tests;
			sourceTree = "<group>";
		};
		110E5E7C217FCB3C0008FBE4 /* 690_Assignment2UITests */ = {
			isa = PBXGroup;
			children = (
				110E5E7D217FCB3C0008FBE4 /* _90_Assignment2UITests.swift */,
				110E5E7F217FCB3C0008FBE4 /* Info.plist */,
			);
			path = 690_Assignment2UITests;
			sourceTree = "<group>";
		};
		11E7CA39217FF0D000570341 /* CoreData */ = {
			isa = PBXGroup;
			children = (
				11E7CA3A217FF0EF00570341 /* Todos.xcdatamodeld */,
				11E7CA3D217FF1CB00570341 /* CoreDataStack.swift */,
			);
			path = CoreData;
			sourceTree = "<group>";
		};
/* End PBXGroup section */

/* Begin PBXNativeTarget section */
		110E5E56217FCB3A0008FBE4 /* 690_Assignment2 */ = {
			isa = PBXNativeTarget;
			buildConfigurationList = 110E5E82217FCB3C0008FBE4 /* Build configuration list for PBXNativeTarget "690_Assignment2" */;
			buildPhases = (
				110E5E53217FCB3A0008FBE4 /* Sources */,
				110E5E54217FCB3A0008FBE4 /* Frameworks */,
				110E5E55217FCB3A0008FBE4 /* Resources */,
			);
			buildRules = (
			);
			dependencies = (
			);
			name = 690_Assignment2;
			productName = 690_Assignment2;
			productReference = 110E5E57217FCB3A0008FBE4 /* 690_Assignment2.app */;
			productType = "com.apple.product-type.application";
		};
		110E5E6D217FCB3C0008FBE4 /* 690_Assignment2Tests */ = {
			isa = PBXNativeTarget;
			buildConfigurationList = 110E5E85217FCB3C0008FBE4 /* Build configuration list for PBXNativeTarget "690_Assignment2Tests" */;
			buildPhases = (
				110E5E6A217FCB3C0008FBE4 /* Sources */,
				110E5E6B217FCB3C0008FBE4 /* Frameworks */,
				110E5E6C217FCB3C0008FBE4 /* Resources */,
			);
			buildRules = (
			);
			dependencies = (
				110E5E70217FCB3C0008FBE4 /* PBXTargetDependency */,
			);
			name = 690_Assignment2Tests;
			productName = 690_Assignment2Tests;
			productReference = 110E5E6E217FCB3C0008FBE4 /* 690_Assignment2Tests.xctest */;
			productType = "com.apple.product-type.bundle.unit-test";
		};
		110E5E78217FCB3C0008FBE4 /* 690_Assignment2UITests */ = {
			isa = PBXNativeTarget;
			buildConfigurationList = 110E5E88217FCB3C0008FBE4 /* Build configuration list for PBXNativeTarget "690_Assignment2UITests" */;
			buildPhases = (
				110E5E75217FCB3C0008FBE4 /* Sources */,
				110E5E76217FCB3C0008FBE4 /* Frameworks */,
				110E5E77217FCB3C0008FBE4 /* Resources */,
			);
			buildRules = (
			);
			dependencies = (
				110E5E7B217FCB3C0008FBE4 /* PBXTargetDependency */,
			);
			name = 690_Assignment2UITests;
			productName = 690_Assignment2UITests;
			productReference = 110E5E79217FCB3C0008FBE4 /* 690_Assignment2UITests.xctest */;
			productType = "com.apple.product-type.bundle.ui-testing";
		};
/* End PBXNativeTarget section */

/* Begin PBXProject section */
		110E5E4F217FCB3A0008FBE4 /* Project object */ = {
			isa = PBXProject;
			attributes = {
				LastSwiftUpdateCheck = 1000;
				LastUpgradeCheck = 1000;
				ORGANIZATIONNAME = "Arman Husic";
				TargetAttributes = {
					110E5E56217FCB3A0008FBE4 = {
						CreatedOnToolsVersion = 10.0;
					};
					110E5E6D217FCB3C0008FBE4 = {
						CreatedOnToolsVersion = 10.0;
						TestTargetID = 110E5E56217FCB3A0008FBE4;
					};
					110E5E78217FCB3C0008FBE4 = {
						CreatedOnToolsVersion = 10.0;
						TestTargetID = 110E5E56217FCB3A0008FBE4;
					};
				};
			};
			buildConfigurationList = 110E5E52217FCB3A0008FBE4 /* Build configuration list for PBXProject "690_Assignment2" */;
			compatibilityVersion = "Xcode 9.3";
			developmentRegion = en;
			hasScannedForEncodings = 0;
			knownRegions = (
				en,
				Base,
			);
			mainGroup = 110E5E4E217FCB3A0008FBE4;
			productRefGroup = 110E5E58217FCB3A0008FBE4 /* Products */;
			projectDirPath = "";
			projectRoot = "";
			targets = (
				110E5E56217FCB3A0008FBE4 /* 690_Assignment2 */,
				110E5E6D217FCB3C0008FBE4 /* 690_Assignment2Tests */,
				110E5E78217FCB3C0008FBE4 /* 690_Assignment2UITests */,
			);
		};
/* End PBXProject section */

/* Begin PBXResourcesBuildPhase section */
		110E5E55217FCB3A0008FBE4 /* Resources */ = {
			isa = PBXResourcesBuildPhase;
			buildActionMask = 2147483647;
			files = (
				110E5E68217FCB3C0008FBE4 /* LaunchScreen.storyboard in Resources */,
				110E5E65217FCB3C0008FBE4 /* Assets.xcassets in Resources */,
				110E5E60217FCB3A0008FBE4 /* Main.storyboard in Resources */,
			);
			runOnlyForDeploymentPostprocessing = 0;
		};
		110E5E6C217FCB3C0008FBE4 /* Resources */ = {
			isa = PBXResourcesBuildPhase;
			buildActionMask = 2147483647;
			files = (
			);
			runOnlyForDeploymentPostprocessing = 0;
		};
		110E5E77217FCB3C0008FBE4 /* Resources */ = {
			isa = PBXResourcesBuildPhase;
			buildActionMask = 2147483647;
			files = (
			);
			runOnlyForDeploymentPostprocessing = 0;
		};
/* End PBXResourcesBuildPhase section */

/* Begin PBXSourcesBuildPhase section */
		110E5E53217FCB3A0008FBE4 /* Sources */ = {
			isa = PBXSourcesBuildPhase;
			buildActionMask = 2147483647;
			files = (
				110E5E8E217FD4300008FBE4 /* AddToDoViewController.swift in Sources */,
				11E7CA3C217FF0EF00570341 /* Todos.xcdatamodeld in Sources */,
				110E5E63217FCB3A0008FBE4 /* _90_Assignment2.xcdatamodeld in Sources */,
				11E7CA3E217FF1CB00570341 /* CoreDataStack.swift in Sources */,
				110E5E8C217FCBD30008FBE4 /* TableViewController.swift in Sources */,
				110E5E5B217FCB3A0008FBE4 /* AppDelegate.swift in Sources */,
			);
			runOnlyForDeploymentPostprocessing = 0;
		};
		110E5E6A217FCB3C0008FBE4 /* Sources */ = {
			isa = PBXSourcesBuildPhase;
			buildActionMask = 2147483647;
			files = (
				110E5E73217FCB3C0008FBE4 /* _90_Assignment2Tests.swift in Sources */,
			);
			runOnlyForDeploymentPostprocessing = 0;
		};
		110E5E75217FCB3C0008FBE4 /* Sources */ = {
			isa = PBXSourcesBuildPhase;
			buildActionMask = 2147483647;
			files = (
				110E5E7E217FCB3C0008FBE4 /* _90_Assignment2UITests.swift in Sources */,
			);
			runOnlyForDeploymentPostprocessing = 0;
		};
/* End PBXSourcesBuildPhase section */

/* Begin PBXTargetDependency section */
		110E5E70217FCB3C0008FBE4 /* PBXTargetDependency */ = {
			isa = PBXTargetDependency;
			target = 110E5E56217FCB3A0008FBE4 /* 690_Assignment2 */;
			targetProxy = 110E5E6F217FCB3C0008FBE4 /* PBXContainerItemProxy */;
		};
		110E5E7B217FCB3C0008FBE4 /* PBXTargetDependency */ = {
			isa = PBXTargetDependency;
			target = 110E5E56217FCB3A0008FBE4 /* 690_Assignment2 */;
			targetProxy = 110E5E7A217FCB3C0008FBE4 /* PBXContainerItemProxy */;
		};
/* End PBXTargetDependency section */

/* Begin PBXVariantGroup section */
		110E5E5E217FCB3A0008FBE4 /* Main.storyboard */ = {
			isa = PBXVariantGroup;
			children = (
				110E5E5F217FCB3A0008FBE4 /* Base */,
			);
			name = Main.storyboard;
			sourceTree = "<group>";
		};
		110E5E66217FCB3C0008FBE4 /* LaunchScreen.storyboard */ = {
			isa = PBXVariantGroup;
			children = (
				110E5E67217FCB3C0008FBE4 /* Base */,
			);
			name = LaunchScreen.storyboard;
			sourceTree = "<group>";
		};
/* End PBXVariantGroup section */

/* Begin XCBuildConfiguration section */
		110E5E80217FCB3C0008FBE4 /* Debug */ = {
			isa = XCBuildConfiguration;
			buildSettings = {
				ALWAYS_SEARCH_USER_PATHS = NO;
				CLANG_ANALYZER_NONNULL = YES;
				CLANG_ANALYZER_NUMBER_OBJECT_CONVERSION = YES_AGGRESSIVE;
				CLANG_CXX_LANGUAGE_STANDARD = "gnu++14";
				CLANG_CXX_LIBRARY = "libc++";
				CLANG_ENABLE_MODULES = YES;
				CLANG_ENABLE_OBJC_ARC = YES;
				CLANG_ENABLE_OBJC_WEAK = YES;
				CLANG_WARN_BLOCK_CAPTURE_AUTORELEASING = YES;
				CLANG_WARN_BOOL_CONVERSION = YES;
				CLANG_WARN_COMMA = YES;
				CLANG_WARN_CONSTANT_CONVERSION = YES;
				CLANG_WARN_DEPRECATED_OBJC_IMPLEMENTATIONS = YES;
				CLANG_WARN_DIRECT_OBJC_ISA_USAGE = YES_ERROR;
				CLANG_WARN_DOCUMENTATION_COMMENTS = YES;
				CLANG_WARN_EMPTY_BODY = YES;
				CLANG_WARN_ENUM_CONVERSION = YES;
				CLANG_WARN_INFINITE_RECURSION = YES;
				CLANG_WARN_INT_CONVERSION = YES;
				CLANG_WARN_NON_LITERAL_NULL_CONVERSION = YES;
				CLANG_WARN_OBJC_IMPLICIT_RETAIN_SELF = YES;
				CLANG_WARN_OBJC_LITERAL_CONVERSION = YES;
				CLANG_WARN_OBJC_ROOT_CLASS = YES_ERROR;
				CLANG_WARN_RANGE_LOOP_ANALYSIS = YES;
				CLANG_WARN_STRICT_PROTOTYPES = YES;
				CLANG_WARN_SUSPICIOUS_MOVE = YES;
				CLANG_WARN_UNGUARDED_AVAILABILITY = YES_AGGRESSIVE;
				CLANG_WARN_UNREACHABLE_CODE = YES;
				CLANG_WARN__DUPLICATE_METHOD_MATCH = YES;
				CODE_SIGN_IDENTITY = "iPhone Developer";
				COPY_PHASE_STRIP = NO;
				DEBUG_INFORMATION_FORMAT = dwarf;
				ENABLE_STRICT_OBJC_MSGSEND = YES;
				ENABLE_TESTABILITY = YES;
				GCC_C_LANGUAGE_STANDARD = gnu11;
				GCC_DYNAMIC_NO_PIC = NO;
				GCC_NO_COMMON_BLOCKS = YES;
				GCC_OPTIMIZATION_LEVEL = 0;
				GCC_PREPROCESSOR_DEFINITIONS = (
					"DEBUG=1",
					"$(inherited)",
				);
				GCC_WARN_64_TO_32_BIT_CONVERSION = YES;
				GCC_WARN_ABOUT_RETURN_TYPE = YES_ERROR;
				GCC_WARN_UNDECLARED_SELECTOR = YES;
				GCC_WARN_UNINITIALIZED_AUTOS = YES_AGGRESSIVE;
				GCC_WARN_UNUSED_FUNCTION = YES;
				GCC_WARN_UNUSED_VARIABLE = YES;
				IPHONEOS_DEPLOYMENT_TARGET = 12.0;
				MTL_ENABLE_DEBUG_INFO = INCLUDE_SOURCE;
				MTL_FAST_MATH = YES;
				ONLY_ACTIVE_ARCH = YES;
				SDKROOT = iphoneos;
				SWIFT_ACTIVE_COMPILATION_CONDITIONS = DEBUG;
				SWIFT_OPTIMIZATION_LEVEL = "-Onone";
			};
			name = Debug;
		};
		110E5E81217FCB3C0008FBE4 /* Release */ = {
			isa = XCBuildConfiguration;
			buildSettings = {
				ALWAYS_SEARCH_USER_PATHS = NO;
				CLANG_ANALYZER_NONNULL = YES;
				CLANG_ANALYZER_NUMBER_OBJECT_CONVERSION = YES_AGGRESSIVE;
				CLANG_CXX_LANGUAGE_STANDARD = "gnu++14";
				CLANG_CXX_LIBRARY = "libc++";
				CLANG_ENABLE_MODULES = YES;
				CLANG_ENABLE_OBJC_ARC = YES;
				CLANG_ENABLE_OBJC_WEAK = YES;
				CLANG_WARN_BLOCK_CAPTURE_AUTORELEASING = YES;
				CLANG_WARN_BOOL_CONVERSION = YES;
				CLANG_WARN_COMMA = YES;
				CLANG_WARN_CONSTANT_CONVERSION = YES;
				CLANG_WARN_DEPRECATED_OBJC_IMPLEMENTATIONS = YES;
				CLANG_WARN_DIRECT_OBJC_ISA_USAGE = YES_ERROR;
				CLANG_WARN_DOCUMENTATION_COMMENTS = YES;
				CLANG_WARN_EMPTY_BODY = YES;
				CLANG_WARN_ENUM_CONVERSION = YES;
				CLANG_WARN_INFINITE_RECURSION = YES;
				CLANG_WARN_INT_CONVERSION = YES;
				CLANG_WARN_NON_LITERAL_NULL_CONVERSION = YES;
				CLANG_WARN_OBJC_IMPLICIT_RETAIN_SELF = YES;
				CLANG_WARN_OBJC_LITERAL_CONVERSION = YES;
				CLANG_WARN_OBJC_ROOT_CLASS = YES_ERROR;
				CLANG_WARN_RANGE_LOOP_ANALYSIS = YES;
				CLANG_WARN_STRICT_PROTOTYPES = YES;
				CLANG_WARN_SUSPICIOUS_MOVE = YES;
				CLANG_WARN_UNGUARDED_AVAILABILITY = YES_AGGRESSIVE;
				CLANG_WARN_UNREACHABLE_CODE = YES;
				CLANG_WARN__DUPLICATE_METHOD_MATCH = YES;
				CODE_SIGN_IDENTITY = "iPhone Developer";
				COPY_PHASE_STRIP = NO;
				DEBUG_INFORMATION_FORMAT = "dwarf-with-dsym";
				ENABLE_NS_ASSERTIONS = NO;
				ENABLE_STRICT_OBJC_MSGSEND = YES;
				GCC_C_LANGUAGE_STANDARD = gnu11;
				GCC_NO_COMMON_BLOCKS = YES;
				GCC_WARN_64_TO_32_BIT_CONVERSION = YES;
				GCC_WARN_ABOUT_RETURN_TYPE = YES_ERROR;
				GCC_WARN_UNDECLARED_SELECTOR = YES;
				GCC_WARN_UNINITIALIZED_AUTOS = YES_AGGRESSIVE;
				GCC_WARN_UNUSED_FUNCTION = YES;
				GCC_WARN_UNUSED_VARIABLE = YES;
				IPHONEOS_DEPLOYMENT_TARGET = 12.0;
				MTL_ENABLE_DEBUG_INFO = NO;
				MTL_FAST_MATH = YES;
				SDKROOT = iphoneos;
				SWIFT_COMPILATION_MODE = wholemodule;
				SWIFT_OPTIMIZATION_LEVEL = "-O";
				VALIDATE_PRODUCT = YES;
			};
			name = Release;
		};
		110E5E83217FCB3C0008FBE4 /* Debug */ = {
			isa = XCBuildConfiguration;
			buildSettings = {
				ASSETCATALOG_COMPILER_APPICON_NAME = AppIcon;
				CODE_SIGN_STYLE = Automatic;
				DEVELOPMENT_TEAM = 2DYJ6BS3VG;
				INFOPLIST_FILE = 690_Assignment2/Info.plist;
				LD_RUNPATH_SEARCH_PATHS = (
					"$(inherited)",
					"@executable_path/Frameworks",
				);
				PRODUCT_BUNDLE_IDENTIFIER = "com.sfsuArmanHusic.-90-Assignment2";
				PRODUCT_NAME = "$(TARGET_NAME)";
				SWIFT_VERSION = 4.2;
				TARGETED_DEVICE_FAMILY = "1,2";
			};
			name = Debug;
		};
		110E5E84217FCB3C0008FBE4 /* Release */ = {
			isa = XCBuildConfiguration;
			buildSettings = {
				ASSETCATALOG_COMPILER_APPICON_NAME = AppIcon;
				CODE_SIGN_STYLE = Automatic;
				DEVELOPMENT_TEAM = 2DYJ6BS3VG;
				INFOPLIST_FILE = 690_Assignment2/Info.plist;
				LD_RUNPATH_SEARCH_PATHS = (
					"$(inherited)",
					"@executable_path/Frameworks",
				);
				PRODUCT_BUNDLE_IDENTIFIER = "com.sfsuArmanHusic.-90-Assignment2";
				PRODUCT_NAME = "$(TARGET_NAME)";
				SWIFT_VERSION = 4.2;
				TARGETED_DEVICE_FAMILY = "1,2";
			};
			name = Release;
		};
		110E5E86217FCB3C0008FBE4 /* Debug */ = {
			isa = XCBuildConfiguration;
			buildSettings = {
				ALWAYS_EMBED_SWIFT_STANDARD_LIBRARIES = YES;
				BUNDLE_LOADER = "$(TEST_HOST)";
				CODE_SIGN_STYLE = Automatic;
				DEVELOPMENT_TEAM = 2DYJ6BS3VG;
				INFOPLIST_FILE = 690_Assignment2Tests/Info.plist;
				LD_RUNPATH_SEARCH_PATHS = (
					"$(inherited)",
					"@executable_path/Frameworks",
					"@loader_path/Frameworks",
				);
				PRODUCT_BUNDLE_IDENTIFIER = "com.sfsuArmanHusic.-90-Assignment2Tests";
				PRODUCT_NAME = "$(TARGET_NAME)";
				SWIFT_VERSION = 4.2;
				TARGETED_DEVICE_FAMILY = "1,2";
				TEST_HOST = "$(BUILT_PRODUCTS_DIR)/690_Assignment2.app/690_Assignment2";
			};
			name = Debug;
		};
		110E5E87217FCB3C0008FBE4 /* Release */ = {
			isa = XCBuildConfiguration;
			buildSettings = {
				ALWAYS_EMBED_SWIFT_STANDARD_LIBRARIES = YES;
				BUNDLE_LOADER = "$(TEST_HOST)";
				CODE_SIGN_STYLE = Automatic;
				DEVELOPMENT_TEAM = 2DYJ6BS3VG;
				INFOPLIST_FILE = 690_Assignment2Tests/Info.plist;
				LD_RUNPATH_SEARCH_PATHS = (
					"$(inherited)",
					"@executable_path/Frameworks",
					"@loader_path/Frameworks",
				);
				PRODUCT_BUNDLE_IDENTIFIER = "com.sfsuArmanHusic.-90-Assignment2Tests";
				PRODUCT_NAME = "$(TARGET_NAME)";
				SWIFT_VERSION = 4.2;
				TARGETED_DEVICE_FAMILY = "1,2";
				TEST_HOST = "$(BUILT_PRODUCTS_DIR)/690_Assignment2.app/690_Assignment2";
			};
			name = Release;
		};
		110E5E89217FCB3C0008FBE4 /* Debug */ = {
			isa = XCBuildConfiguration;
			buildSettings = {
				ALWAYS_EMBED_SWIFT_STANDARD_LIBRARIES = YES;
				CODE_SIGN_STYLE = Automatic;
				DEVELOPMENT_TEAM = 2DYJ6BS3VG;
				INFOPLIST_FILE = 690_Assignment2UITests/Info.plist;
				LD_RUNPATH_SEARCH_PATHS = (
					"$(inherited)",
					"@executable_path/Frameworks",
					"@loader_path/Frameworks",
				);
				PRODUCT_BUNDLE_IDENTIFIER = "com.sfsuArmanHusic.-90-Assignment2UITests";
				PRODUCT_NAME = "$(TARGET_NAME)";
				SWIFT_VERSION = 4.2;
				TARGETED_DEVICE_FAMILY = "1,2";
				TEST_TARGET_NAME = 690_Assignment2;
			};
			name = Debug;
		};
		110E5E8A217FCB3C0008FBE4 /* Release */ = {
			isa = XCBuildConfiguration;
			buildSettings = {
				ALWAYS_EMBED_SWIFT_STANDARD_LIBRARIES = YES;
				CODE_SIGN_STYLE = Automatic;
				DEVELOPMENT_TEAM = 2DYJ6BS3VG;
				INFOPLIST_FILE = 690_Assignment2UITests/Info.plist;
				LD_RUNPATH_SEARCH_PATHS = (
					"$(inherited)",
					"@executable_path/Frameworks",
					"@loader_path/Frameworks",
				);
				PRODUCT_BUNDLE_IDENTIFIER = "com.sfsuArmanHusic.-90-Assignment2UITests";
				PRODUCT_NAME = "$(TARGET_NAME)";
				SWIFT_VERSION = 4.2;
				TARGETED_DEVICE_FAMILY = "1,2";
				TEST_TARGET_NAME = 690_Assignment2;
			};
			name = Release;
		};
/* End XCBuildConfiguration section */

/* Begin XCConfigurationList section */
		110E5E52217FCB3A0008FBE4 /* Build configuration list for PBXProject "690_Assignment2" */ = {
			isa = XCConfigurationList;
			buildConfigurations = (
				110E5E80217FCB3C0008FBE4 /* Debug */,
				110E5E81217FCB3C0008FBE4 /* Release */,
			);
			defaultConfigurationIsVisible = 0;
			defaultConfigurationName = Release;
		};
		110E5E82217FCB3C0008FBE4 /* Build configuration list for PBXNativeTarget "690_Assignment2" */ = {
			isa = XCConfigurationList;
			buildConfigurations = (
				110E5E83217FCB3C0008FBE4 /* Debug */,
				110E5E84217FCB3C0008FBE4 /* Release */,
			);
			defaultConfigurationIsVisible = 0;
			defaultConfigurationName = Release;
		};
		110E5E85217FCB3C0008FBE4 /* Build configuration list for PBXNativeTarget "690_Assignment2Tests" */ = {
			isa = XCConfigurationList;
			buildConfigurations = (
				110E5E86217FCB3C0008FBE4 /* Debug */,
				110E5E87217FCB3C0008FBE4 /* Release */,
			);
			defaultConfigurationIsVisible = 0;
			defaultConfigurationName = Release;
		};
		110E5E88217FCB3C0008FBE4 /* Build configuration list for PBXNativeTarget "690_Assignment2UITests" */ = {
			isa = XCConfigurationList;
			buildConfigurations = (
				110E5E89217FCB3C0008FBE4 /* Debug */,
				110E5E8A217FCB3C0008FBE4 /* Release */,
			);
			defaultConfigurationIsVisible = 0;
			defaultConfigurationName = Release;
		};
/* End XCConfigurationList section */

/* Begin XCVersionGroup section */
		110E5E61217FCB3A0008FBE4 /* _90_Assignment2.xcdatamodeld */ = {
			isa = XCVersionGroup;
			children = (
				110E5E62217FCB3A0008FBE4 /* _90_Assignment2.xcdatamodel */,
			);
			currentVersion = 110E5E62217FCB3A0008FBE4 /* _90_Assignment2.xcdatamodel */;
			path = _90_Assignment2.xcdatamodeld;
			sourceTree = "<group>";
			versionGroupType = wrapper.xcdatamodel;
		};
		11E7CA3A217FF0EF00570341 /* Todos.xcdatamodeld */ = {
			isa = XCVersionGroup;
			children = (
				11E7CA3B217FF0EF00570341 /* Todos.xcdatamodel */,
			);
			currentVersion = 11E7CA3B217FF0EF00570341 /* Todos.xcdatamodel */;
			path = Todos.xcdatamodeld;
			sourceTree = "<group>";
			versionGroupType = wrapper.xcdatamodel;
		};
/* End XCVersionGroup section */
	};
	rootObject = 110E5E4F217FCB3A0008FBE4 /* Project object */;
}
